
Microsoft Visual Studio Solution File, Format Version 12.00
# Visual Studio Version 17
VisualStudioVersion = 17.7.34009.444
MinimumVisualStudioVersion = 10.0.40219.1
Project("{FAE04EC0-301F-11D3-BF4B-00C04F79EFBC}") = "S2EJ9", "S2EJ9\S2EJ9.csproj", "{D51FB129-4ACB-4DE9-AC7A-B22EB5651ECE}"
EndProject
Global
	GlobalSection(SolutionConfigurationPlatforms) = preSolution
		Debug|Any CPU = Debug|Any CPU
		Release|Any CPU = Release|Any CPU
	EndGlobalSection
	GlobalSection(ProjectConfigurationPlatforms) = postSolution
		{D51FB129-4ACB-4DE9-AC7A-B22EB5651ECE}.Debug|Any CPU.ActiveCfg = Debug|Any CPU
		{D51FB129-4ACB-4DE9-AC7A-B22EB5651ECE}.Debug|Any CPU.Build.0 = Debug|Any CPU
		{D51FB129-4ACB-4DE9-AC7A-B22EB5651ECE}.Release|Any CPU.ActiveCfg = Release|Any CPU
		{D51FB129-4ACB-4DE9-AC7A-B22EB5651ECE}.Release|Any CPU.Build.0 = Release|Any CPU
	EndGlobalSection
	GlobalSection(SolutionProperties) = preSolution
		HideSolutionNode = FALSE
	EndGlobalSection
	GlobalSection(ExtensibilityGlobals) = postSolution
		SolutionGuid = {91C45DB0-4806-47D2-846C-A281678FB918}
	EndGlobalSection
EndGlobal
