
Microsoft Visual Studio Solution File, Format Version 12.00
# Visual Studio Version 17
VisualStudioVersion = 17.7.34009.444
MinimumVisualStudioVersion = 10.0.40219.1
Project("{FAE04EC0-301F-11D3-BF4B-00C04F79EFBC}") = "S2EJ10", "S2EJ10\S2EJ10.csproj", "{B482B612-3202-4874-B456-D1F77A4DD2B3}"
EndProject
Global
	GlobalSection(SolutionConfigurationPlatforms) = preSolution
		Debug|Any CPU = Debug|Any CPU
		Release|Any CPU = Release|Any CPU
	EndGlobalSection
	GlobalSection(ProjectConfigurationPlatforms) = postSolution
		{B482B612-3202-4874-B456-D1F77A4DD2B3}.Debug|Any CPU.ActiveCfg = Debug|Any CPU
		{B482B612-3202-4874-B456-D1F77A4DD2B3}.Debug|Any CPU.Build.0 = Debug|Any CPU
		{B482B612-3202-4874-B456-D1F77A4DD2B3}.Release|Any CPU.ActiveCfg = Release|Any CPU
		{B482B612-3202-4874-B456-D1F77A4DD2B3}.Release|Any CPU.Build.0 = Release|Any CPU
	EndGlobalSection
	GlobalSection(SolutionProperties) = preSolution
		HideSolutionNode = FALSE
	EndGlobalSection
	GlobalSection(ExtensibilityGlobals) = postSolution
		SolutionGuid = {26224CE9-3D93-4F3B-B085-665FE247FF3E}
	EndGlobalSection
EndGlobal
